
Microsoft Visual Studio Solution File, Format Version 12.00
# Visual Studio Version 16
VisualStudioVersion = 16.0.808.2
MinimumVisualStudioVersion = 10.0.40219.1
Project("{FAE04EC0-301F-11D3-BF4B-00C04F79EFBC}") = "Popquiz", "Popquiz\Popquiz.csproj", "{1226552B-A68C-4BD9-9752-D5CF510B51EF}"
EndProject
Global
	GlobalSection(SolutionConfigurationPlatforms) = preSolution
		Debug|Any CPU = Debug|Any CPU
		Release|Any CPU = Release|Any CPU
	EndGlobalSection
	GlobalSection(ProjectConfigurationPlatforms) = postSolution
		{1226552B-A68C-4BD9-9752-D5CF510B51EF}.Debug|Any CPU.ActiveCfg = Debug|Any CPU
		{1226552B-A68C-4BD9-9752-D5CF510B51EF}.Debug|Any CPU.Build.0 = Debug|Any CPU
		{1226552B-A68C-4BD9-9752-D5CF510B51EF}.Release|Any CPU.ActiveCfg = Release|Any CPU
		{1226552B-A68C-4BD9-9752-D5CF510B51EF}.Release|Any CPU.Build.0 = Release|Any CPU
	EndGlobalSection
	GlobalSection(SolutionProperties) = preSolution
		HideSolutionNode = FALSE
	EndGlobalSection
	GlobalSection(ExtensibilityGlobals) = postSolution
		SolutionGuid = {D7B14F6F-8D42-45F8-92ED-E55A146EDDB4}
	EndGlobalSection
EndGlobal
